{
  "requires": true,
  "lockfileVersion": 1,
  "dependencies": {
    "bingmaps-react": {
      "version": "1.2.10",
      "resolved": "https://registry.npmjs.org/bingmaps-react/-/bingmaps-react-1.2.10.tgz",
      "integrity": "sha512-fM887Sr6OIlo6ThmSpGfNEDssSytdnsMrbDTDs+YH/43etf0dlfcR4oaJvygy+fwn21hpP2lVvwTHUDZvGxZqA=="
    }
  }
}
